{
  "nodes": {
    "nixpkgs": {
      "locked": {
        "lastModified": 1739985677,
        "narHash": "sha256-AFonXmHPRgSoBe2Ct4ZsQLC0cMfx6dNgvirBCeyahSQ=",
        "owner": "nixos",
        "repo": "nixpkgs",
        "rev": "a6439f2a1794a9262904ab85fd6dafe5490930e2",
        "type": "github"
      },
      "original": {
        "owner": "nixos",
        "ref": "release-24.11",
        "repo": "nixpkgs",
        "type": "github"
      }
    },
    "perch": {
      "inputs": {
        "nixpkgs": [
          "nixpkgs"
        ]
      },
      "locked": {
        "lastModified": 1740401338,
        "narHash": "sha256-Pc4CXY8IyxfjJ7//zMV9BXIjExCUGY+dDH+ZPSEGBeA=",
        "owner": "altibiz",
        "repo": "perch",
        "rev": "5cdb82401e2bf1439eb08926b0ada708a1e16cf2",
        "type": "github"
      },
      "original": {
        "owner": "altibiz",
        "ref": "refs/tags/2.0.0",
        "repo": "perch",
        "type": "github"
      }
    },
    "root": {
      "inputs": {
        "nixpkgs": "nixpkgs",
        "perch": "perch"
      }
    }
  },
  "root": "root",
  "version": 7
}
