{
  "nodes": {
    "nixpkgs": {
      "locked": {
        "lastModified": 1739985677,
        "narHash": "sha256-AFonXmHPRgSoBe2Ct4ZsQLC0cMfx6dNgvirBCeyahSQ=",
        "owner": "nixos",
        "repo": "nixpkgs",
        "rev": "a6439f2a1794a9262904ab85fd6dafe5490930e2",
        "type": "github"
      },
      "original": {
        "owner": "nixos",
        "ref": "release-24.11",
        "repo": "nixpkgs",
        "type": "github"
      }
    },
    "perch": {
      "inputs": {
        "nixpkgs": [
          "nixpkgs"
        ]
      },
      "locked": {
        "lastModified": 1745069609,
        "narHash": "sha256-KdU6UM7VrmfQ7CjTPl+osE4BSmXX4SwLPNnHgt90yFc=",
        "owner": "altibiz",
        "repo": "perch",
        "rev": "63d34636e2dd24e252f4bf49d03ee3c547b2a7ec",
        "type": "github"
      },
      "original": {
        "owner": "altibiz",
        "ref": "refs/tags/2.2.1",
        "repo": "perch",
        "type": "github"
      }
    },
    "root": {
      "inputs": {
        "nixpkgs": "nixpkgs",
        "perch": "perch"
      }
    }
  },
  "root": "root",
  "version": 7
}
